version: 1
real_benchmark:
  grain: DISTRICT_MONTH
  source: HMIS M19 Stock Distributed, districts of Maharashtra/Haryana/Assam/Meghalaya,
    FY2017-18 onward
  train_start: 2017-04
  train_end: 2019-02
  validation_start: 2019-03
  validation_end: 2019-08
  test_start: 2019-09
  test_end: 2020-02
  excluded_months:
  - 2020-03
  held_out_district: dhule
  held_out_district_state: mh
federated_benchmark:
  held_out_state: meghalaya
  client_states:
  - maharashtra
  - haryana
  - assam
  - meghalaya
synthetic_benchmark:
  grain: FACILITY_WEEK
  test_weeks: 26
  held_out_block: trimbakeshwar
pilot:
  district: nashik
  state: mh
generator_seal:
  seed: 20260918
  content_hash: 5268c2a1fcc8c667a51555db1da87d88b3a2a39cfe1880f64b9ddf599002590d
  sealed_at: '2026-09-19T15:40:30.130225+00:00'
